// !$*UTF8*$!
{
	archiveVersion = 1;
	classes = {
	};
	objectVersion = 56;
	objects = {

/* Begin PBXBuildFile section */
		88F24DAF2A7EA77F00896B3B /* AppDelegate.swift in Sources */ = {isa = PBXBuildFile; fileRef = 88F24DAE2A7EA77F00896B3B /* AppDelegate.swift */; };
		88F24DB12A7EA77F00896B3B /* SceneDelegate.swift in Sources */ = {isa = PBXBuildFile; fileRef = 88F24DB02A7EA77F00896B3B /* SceneDelegate.swift */; };
		88F24DB32A7EA77F00896B3B /* ViewController.swift in Sources */ = {isa = PBXBuildFile; fileRef = 88F24DB22A7EA77F00896B3B /* ViewController.swift */; };
		88F24DB62A7EA77F00896B3B /* Main.storyboard in Resources */ = {isa = PBXBuildFile; fileRef = 88F24DB42A7EA77F00896B3B /* Main.storyboard */; };
		88F24DB82A7EA78000896B3B /* Assets.xcassets in Resources */ = {isa = PBXBuildFile; fileRef = 88F24DB72A7EA78000896B3B /* Assets.xcassets */; };
		88F24DBB2A7EA78000896B3B /* LaunchScreen.storyboard in Resources */ = {isa = PBXBuildFile; fileRef = 88F24DB92A7EA78000896B3B /* LaunchScreen.storyboard */; };
		88F4E81D2A7EB57B0099CAEF /* MusicPlayer.swift in Sources */ = {isa = PBXBuildFile; fileRef = 88F4E81C2A7EB57B0099CAEF /* MusicPlayer.swift */; };
		88F4E8242A7EBE8F0099CAEF /* Info.swift in Sources */ = {isa = PBXBuildFile; fileRef = 88F4E8232A7EBE8F0099CAEF /* Info.swift */; };
		88F4E8262A7EBF170099CAEF /* PlayViewModel.swift in Sources */ = {isa = PBXBuildFile; fileRef = 88F4E8252A7EBF170099CAEF /* PlayViewModel.swift */; };
		88F4E8282A7EC1F80099CAEF /* PlayerView.swift in Sources */ = {isa = PBXBuildFile; fileRef = 88F4E8272A7EC1F80099CAEF /* PlayerView.swift */; };
		88F4E82A2A7F51B80099CAEF /* trackView.swift in Sources */ = {isa = PBXBuildFile; fileRef = 88F4E8292A7F51B80099CAEF /* trackView.swift */; };
/* End PBXBuildFile section */

/* Begin PBXFileReference section */
		88F24DAB2A7EA77F00896B3B /* myMusicPlayer.app */ = {isa = PBXFileReference; explicitFileType = wrapper.application; includeInIndex = 0; path = myMusicPlayer.app; sourceTree = BUILT_PRODUCTS_DIR; };
		88F24DAE2A7EA77F00896B3B /* AppDelegate.swift */ = {isa = PBXFileReference; lastKnownFileType = sourcecode.swift; path = AppDelegate.swift; sourceTree = "<group>"; };
		88F24DB02A7EA77F00896B3B /* SceneDelegate.swift */ = {isa = PBXFileReference; lastKnownFileType = sourcecode.swift; path = SceneDelegate.swift; sourceTree = "<group>"; };
		88F24DB22A7EA77F00896B3B /* ViewController.swift */ = {isa = PBXFileReference; lastKnownFileType = sourcecode.swift; path = ViewController.swift; sourceTree = "<group>"; };
		88F24DB52A7EA77F00896B3B /* Base */ = {isa = PBXFileReference; lastKnownFileType = file.storyboard; name = Base; path = Base.lproj/Main.storyboard; sourceTree = "<group>"; };
		88F24DB72A7EA78000896B3B /* Assets.xcassets */ = {isa = PBXFileReference; lastKnownFileType = folder.assetcatalog; path = Assets.xcassets; sourceTree = "<group>"; };
		88F24DBA2A7EA78000896B3B /* Base */ = {isa = PBXFileReference; lastKnownFileType = file.storyboard; name = Base; path = Base.lproj/LaunchScreen.storyboard; sourceTree = "<group>"; };
		88F24DBC2A7EA78000896B3B /* Info.plist */ = {isa = PBXFileReference; lastKnownFileType = text.plist.xml; path = Info.plist; sourceTree = "<group>"; };
		88F4E81C2A7EB57B0099CAEF /* MusicPlayer.swift */ = {isa = PBXFileReference; lastKnownFileType = sourcecode.swift; path = MusicPlayer.swift; sourceTree = "<group>"; };
		88F4E8232A7EBE8F0099CAEF /* Info.swift */ = {isa = PBXFileReference; lastKnownFileType = sourcecode.swift; path = Info.swift; sourceTree = "<group>"; };
		88F4E8252A7EBF170099CAEF /* PlayViewModel.swift */ = {isa = PBXFileReference; lastKnownFileType = sourcecode.swift; path = PlayViewModel.swift; sourceTree = "<group>"; };
		88F4E8272A7EC1F80099CAEF /* PlayerView.swift */ = {isa = PBXFileReference; lastKnownFileType = sourcecode.swift; path = PlayerView.swift; sourceTree = "<group>"; };
		88F4E8292A7F51B80099CAEF /* trackView.swift */ = {isa = PBXFileReference; lastKnownFileType = sourcecode.swift; path = trackView.swift; sourceTree = "<group>"; };
/* End PBXFileReference section */

/* Begin PBXFrameworksBuildPhase section */
		88F24DA82A7EA77F00896B3B /* Frameworks */ = {
			isa = PBXFrameworksBuildPhase;
			buildActionMask = 2147483647;
			files = (
			);
			runOnlyForDeploymentPostprocessing = 0;
		};
/* End PBXFrameworksBuildPhase section */

/* Begin PBXGroup section */
		88F24DA22A7EA77F00896B3B = {
			isa = PBXGroup;
			children = (
				88F24DAD2A7EA77F00896B3B /* myMusicPlayer */,
				88F24DAC2A7EA77F00896B3B /* Products */,
			);
			sourceTree = "<group>";
		};
		88F24DAC2A7EA77F00896B3B /* Products */ = {
			isa = PBXGroup;
			children = (
				88F24DAB2A7EA77F00896B3B /* myMusicPlayer.app */,
			);
			name = Products;
			sourceTree = "<group>";
		};
		88F24DAD2A7EA77F00896B3B /* myMusicPlayer */ = {
			isa = PBXGroup;
			children = (
				88F4E8202A7EB8E40099CAEF /* View */,
				88F4E81F2A7EB8D60099CAEF /* ViewModel */,
				88F4E81E2A7EB8CB0099CAEF /* Model */,
				88F24DAE2A7EA77F00896B3B /* AppDelegate.swift */,
				88F24DB02A7EA77F00896B3B /* SceneDelegate.swift */,
				88F24DB22A7EA77F00896B3B /* ViewController.swift */,
				88F24DB42A7EA77F00896B3B /* Main.storyboard */,
				88F24DB72A7EA78000896B3B /* Assets.xcassets */,
				88F24DB92A7EA78000896B3B /* LaunchScreen.storyboard */,
				88F24DBC2A7EA78000896B3B /* Info.plist */,
				88F4E81C2A7EB57B0099CAEF /* MusicPlayer.swift */,
			);
			path = myMusicPlayer;
			sourceTree = "<group>";
		};
		88F4E81E2A7EB8CB0099CAEF /* Model */ = {
			isa = PBXGroup;
			children = (
				88F4E8232A7EBE8F0099CAEF /* Info.swift */,
			);
			path = Model;
			sourceTree = "<group>";
		};
		88F4E81F2A7EB8D60099CAEF /* ViewModel */ = {
			isa = PBXGroup;
			children = (
				88F4E8252A7EBF170099CAEF /* PlayViewModel.swift */,
			);
			path = ViewModel;
			sourceTree = "<group>";
		};
		88F4E8202A7EB8E40099CAEF /* View */ = {
			isa = PBXGroup;
			children = (
				88F4E8272A7EC1F80099CAEF /* PlayerView.swift */,
				88F4E8292A7F51B80099CAEF /* trackView.swift */,
			);
			path = View;
			sourceTree = "<group>";
		};
/* End PBXGroup section */

/* Begin PBXNativeTarget section */
		88F24DAA2A7EA77F00896B3B /* myMusicPlayer */ = {
			isa = PBXNativeTarget;
			buildConfigurationList = 88F24DBF2A7EA78000896B3B /* Build configuration list for PBXNativeTarget "myMusicPlayer" */;
			buildPhases = (
				88F24DA72A7EA77F00896B3B /* Sources */,
				88F24DA82A7EA77F00896B3B /* Frameworks */,
				88F24DA92A7EA77F00896B3B /* Resources */,
			);
			buildRules = (
			);
			dependencies = (
			);
			name = myMusicPlayer;
			productName = myMusicPlayer;
			productReference = 88F24DAB2A7EA77F00896B3B /* myMusicPlayer.app */;
			productType = "com.apple.product-type.application";
		};
/* End PBXNativeTarget section */

/* Begin PBXProject section */
		88F24DA32A7EA77F00896B3B /* Project object */ = {
			isa = PBXProject;
			attributes = {
				BuildIndependentTargetsInParallel = 1;
				LastSwiftUpdateCheck = 1430;
				LastUpgradeCheck = 1430;
				TargetAttributes = {
					88F24DAA2A7EA77F00896B3B = {
						CreatedOnToolsVersion = 14.3.1;
					};
				};
			};
			buildConfigurationList = 88F24DA62A7EA77F00896B3B /* Build configuration list for PBXProject "myMusicPlayer" */;
			compatibilityVersion = "Xcode 14.0";
			developmentRegion = en;
			hasScannedForEncodings = 0;
			knownRegions = (
				en,
				Base,
			);
			mainGroup = 88F24DA22A7EA77F00896B3B;
			productRefGroup = 88F24DAC2A7EA77F00896B3B /* Products */;
			projectDirPath = "";
			projectRoot = "";
			targets = (
				88F24DAA2A7EA77F00896B3B /* myMusicPlayer */,
			);
		};
/* End PBXProject section */

/* Begin PBXResourcesBuildPhase section */
		88F24DA92A7EA77F00896B3B /* Resources */ = {
			isa = PBXResourcesBuildPhase;
			buildActionMask = 2147483647;
			files = (
				88F24DBB2A7EA78000896B3B /* LaunchScreen.storyboard in Resources */,
				88F24DB82A7EA78000896B3B /* Assets.xcassets in Resources */,
				88F24DB62A7EA77F00896B3B /* Main.storyboard in Resources */,
			);
			runOnlyForDeploymentPostprocessing = 0;
		};
/* End PBXResourcesBuildPhase section */

/* Begin PBXSourcesBuildPhase section */
		88F24DA72A7EA77F00896B3B /* Sources */ = {
			isa = PBXSourcesBuildPhase;
			buildActionMask = 2147483647;
			files = (
				88F4E8262A7EBF170099CAEF /* PlayViewModel.swift in Sources */,
				88F24DB32A7EA77F00896B3B /* ViewController.swift in Sources */,
				88F4E82A2A7F51B80099CAEF /* trackView.swift in Sources */,
				88F4E8282A7EC1F80099CAEF /* PlayerView.swift in Sources */,
				88F24DAF2A7EA77F00896B3B /* AppDelegate.swift in Sources */,
				88F4E81D2A7EB57B0099CAEF /* MusicPlayer.swift in Sources */,
				88F4E8242A7EBE8F0099CAEF /* Info.swift in Sources */,
				88F24DB12A7EA77F00896B3B /* SceneDelegate.swift in Sources */,
			);
			runOnlyForDeploymentPostprocessing = 0;
		};
/* End PBXSourcesBuildPhase section */

/* Begin PBXVariantGroup section */
		88F24DB42A7EA77F00896B3B /* Main.storyboard */ = {
			isa = PBXVariantGroup;
			children = (
				88F24DB52A7EA77F00896B3B /* Base */,
			);
			name = Main.storyboard;
			sourceTree = "<group>";
		};
		88F24DB92A7EA78000896B3B /* LaunchScreen.storyboard */ = {
			isa = PBXVariantGroup;
			children = (
				88F24DBA2A7EA78000896B3B /* Base */,
			);
			name = LaunchScreen.storyboard;
			sourceTree = "<group>";
		};
/* End PBXVariantGroup section */

/* Begin XCBuildConfiguration section */
		88F24DBD2A7EA78000896B3B /* Debug */ = {
			isa = XCBuildConfiguration;
			buildSettings = {
				ALWAYS_SEARCH_USER_PATHS = NO;
				CLANG_ANALYZER_NONNULL = YES;
				CLANG_ANALYZER_NUMBER_OBJECT_CONVERSION = YES_AGGRESSIVE;
				CLANG_CXX_LANGUAGE_STANDARD = "gnu++20";
				CLANG_ENABLE_MODULES = YES;
				CLANG_ENABLE_OBJC_ARC = YES;
				CLANG_ENABLE_OBJC_WEAK = YES;
				CLANG_WARN_BLOCK_CAPTURE_AUTORELEASING = YES;
				CLANG_WARN_BOOL_CONVERSION = YES;
				CLANG_WARN_COMMA = YES;
				CLANG_WARN_CONSTANT_CONVERSION = YES;
				CLANG_WARN_DEPRECATED_OBJC_IMPLEMENTATIONS = YES;
				CLANG_WARN_DIRECT_OBJC_ISA_USAGE = YES_ERROR;
				CLANG_WARN_DOCUMENTATION_COMMENTS = YES;
				CLANG_WARN_EMPTY_BODY = YES;
				CLANG_WARN_ENUM_CONVERSION = YES;
				CLANG_WARN_INFINITE_RECURSION = YES;
				CLANG_WARN_INT_CONVERSION = YES;
				CLANG_WARN_NON_LITERAL_NULL_CONVERSION = YES;
				CLANG_WARN_OBJC_IMPLICIT_RETAIN_SELF = YES;
				CLANG_WARN_OBJC_LITERAL_CONVERSION = YES;
				CLANG_WARN_OBJC_ROOT_CLASS = YES_ERROR;
				CLANG_WARN_QUOTED_INCLUDE_IN_FRAMEWORK_HEADER = YES;
				CLANG_WARN_RANGE_LOOP_ANALYSIS = YES;
				CLANG_WARN_STRICT_PROTOTYPES = YES;
				CLANG_WARN_SUSPICIOUS_MOVE = YES;
				CLANG_WARN_UNGUARDED_AVAILABILITY = YES_AGGRESSIVE;
				CLANG_WARN_UNREACHABLE_CODE = YES;
				CLANG_WARN__DUPLICATE_METHOD_MATCH = YES;
				COPY_PHASE_STRIP = NO;
				DEBUG_INFORMATION_FORMAT = dwarf;
				ENABLE_STRICT_OBJC_MSGSEND = YES;
				ENABLE_TESTABILITY = YES;
				GCC_C_LANGUAGE_STANDARD = gnu11;
				GCC_DYNAMIC_NO_PIC = NO;
				GCC_NO_COMMON_BLOCKS = YES;
				GCC_OPTIMIZATION_LEVEL = 0;
				GCC_PREPROCESSOR_DEFINITIONS = (
					"DEBUG=1",
					"$(inherited)",
				);
				GCC_WARN_64_TO_32_BIT_CONVERSION = YES;
				GCC_WARN_ABOUT_RETURN_TYPE = YES_ERROR;
				GCC_WARN_UNDECLARED_SELECTOR = YES;
				GCC_WARN_UNINITIALIZED_AUTOS = YES_AGGRESSIVE;
				GCC_WARN_UNUSED_FUNCTION = YES;
				GCC_WARN_UNUSED_VARIABLE = YES;
				IPHONEOS_DEPLOYMENT_TARGET = 16.4;
				MTL_ENABLE_DEBUG_INFO = INCLUDE_SOURCE;
				MTL_FAST_MATH = YES;
				ONLY_ACTIVE_ARCH = YES;
				SDKROOT = iphoneos;
				SWIFT_ACTIVE_COMPILATION_CONDITIONS = DEBUG;
				SWIFT_OPTIMIZATION_LEVEL = "-Onone";
			};
			name = Debug;
		};
		88F24DBE2A7EA78000896B3B /* Release */ = {
			isa = XCBuildConfiguration;
			buildSettings = {
				ALWAYS_SEARCH_USER_PATHS = NO;
				CLANG_ANALYZER_NONNULL = YES;
				CLANG_ANALYZER_NUMBER_OBJECT_CONVERSION = YES_AGGRESSIVE;
				CLANG_CXX_LANGUAGE_STANDARD = "gnu++20";
				CLANG_ENABLE_MODULES = YES;
				CLANG_ENABLE_OBJC_ARC = YES;
				CLANG_ENABLE_OBJC_WEAK = YES;
				CLANG_WARN_BLOCK_CAPTURE_AUTORELEASING = YES;
				CLANG_WARN_BOOL_CONVERSION = YES;
				CLANG_WARN_COMMA = YES;
				CLANG_WARN_CONSTANT_CONVERSION = YES;
				CLANG_WARN_DEPRECATED_OBJC_IMPLEMENTATIONS = YES;
				CLANG_WARN_DIRECT_OBJC_ISA_USAGE = YES_ERROR;
				CLANG_WARN_DOCUMENTATION_COMMENTS = YES;
				CLANG_WARN_EMPTY_BODY = YES;
				CLANG_WARN_ENUM_CONVERSION = YES;
				CLANG_WARN_INFINITE_RECURSION = YES;
				CLANG_WARN_INT_CONVERSION = YES;
				CLANG_WARN_NON_LITERAL_NULL_CONVERSION = YES;
				CLANG_WARN_OBJC_IMPLICIT_RETAIN_SELF = YES;
				CLANG_WARN_OBJC_LITERAL_CONVERSION = YES;
				CLANG_WARN_OBJC_ROOT_CLASS = YES_ERROR;
				CLANG_WARN_QUOTED_INCLUDE_IN_FRAMEWORK_HEADER = YES;
				CLANG_WARN_RANGE_LOOP_ANALYSIS = YES;
				CLANG_WARN_STRICT_PROTOTYPES = YES;
				CLANG_WARN_SUSPICIOUS_MOVE = YES;
				CLANG_WARN_UNGUARDED_AVAILABILITY = YES_AGGRESSIVE;
				CLANG_WARN_UNREACHABLE_CODE = YES;
				CLANG_WARN__DUPLICATE_METHOD_MATCH = YES;
				COPY_PHASE_STRIP = NO;
				DEBUG_INFORMATION_FORMAT = "dwarf-with-dsym";
				ENABLE_NS_ASSERTIONS = NO;
				ENABLE_STRICT_OBJC_MSGSEND = YES;
				GCC_C_LANGUAGE_STANDARD = gnu11;
				GCC_NO_COMMON_BLOCKS = YES;
				GCC_WARN_64_TO_32_BIT_CONVERSION = YES;
				GCC_WARN_ABOUT_RETURN_TYPE = YES_ERROR;
				GCC_WARN_UNDECLARED_SELECTOR = YES;
				GCC_WARN_UNINITIALIZED_AUTOS = YES_AGGRESSIVE;
				GCC_WARN_UNUSED_FUNCTION = YES;
				GCC_WARN_UNUSED_VARIABLE = YES;
				IPHONEOS_DEPLOYMENT_TARGET = 16.4;
				MTL_ENABLE_DEBUG_INFO = NO;
				MTL_FAST_MATH = YES;
				SDKROOT = iphoneos;
				SWIFT_COMPILATION_MODE = wholemodule;
				SWIFT_OPTIMIZATION_LEVEL = "-O";
				VALIDATE_PRODUCT = YES;
			};
			name = Release;
		};
		88F24DC02A7EA78000896B3B /* Debug */ = {
			isa = XCBuildConfiguration;
			buildSettings = {
				ASSETCATALOG_COMPILER_APPICON_NAME = AppIcon;
				ASSETCATALOG_COMPILER_GLOBAL_ACCENT_COLOR_NAME = AccentColor;
				CODE_SIGN_STYLE = Automatic;
				CURRENT_PROJECT_VERSION = 1;
				DEVELOPMENT_TEAM = 2XMC344WDV;
				GENERATE_INFOPLIST_FILE = YES;
				INFOPLIST_FILE = myMusicPlayer/Info.plist;
				INFOPLIST_KEY_UIApplicationSupportsIndirectInputEvents = YES;
				INFOPLIST_KEY_UILaunchStoryboardName = LaunchScreen;
				INFOPLIST_KEY_UIMainStoryboardFile = Main;
				INFOPLIST_KEY_UISupportedInterfaceOrientations_iPad = "UIInterfaceOrientationPortrait UIInterfaceOrientationPortraitUpsideDown UIInterfaceOrientationLandscapeLeft UIInterfaceOrientationLandscapeRight";
				INFOPLIST_KEY_UISupportedInterfaceOrientations_iPhone = "UIInterfaceOrientationPortrait UIInterfaceOrientationLandscapeLeft UIInterfaceOrientationLandscapeRight";
				LD_RUNPATH_SEARCH_PATHS = (
					"$(inherited)",
					"@executable_path/Frameworks",
				);
				MARKETING_VERSION = 1.0;
				PRODUCT_BUNDLE_IDENTIFIER = "com.pishon.mymusicplayer-1.myMusicPlayer";
				PRODUCT_NAME = "$(TARGET_NAME)";
				SWIFT_EMIT_LOC_STRINGS = YES;
				SWIFT_VERSION = 5.0;
				TARGETED_DEVICE_FAMILY = "1,2";
			};
			name = Debug;
		};
		88F24DC12A7EA78000896B3B /* Release */ = {
			isa = XCBuildConfiguration;
			buildSettings = {
				ASSETCATALOG_COMPILER_APPICON_NAME = AppIcon;
				ASSETCATALOG_COMPILER_GLOBAL_ACCENT_COLOR_NAME = AccentColor;
				CODE_SIGN_STYLE = Automatic;
				CURRENT_PROJECT_VERSION = 1;
				DEVELOPMENT_TEAM = 2XMC344WDV;
				GENERATE_INFOPLIST_FILE = YES;
				INFOPLIST_FILE = myMusicPlayer/Info.plist;
				INFOPLIST_KEY_UIApplicationSupportsIndirectInputEvents = YES;
				INFOPLIST_KEY_UILaunchStoryboardName = LaunchScreen;
				INFOPLIST_KEY_UIMainStoryboardFile = Main;
				INFOPLIST_KEY_UISupportedInterfaceOrientations_iPad = "UIInterfaceOrientationPortrait UIInterfaceOrientationPortraitUpsideDown UIInterfaceOrientationLandscapeLeft UIInterfaceOrientationLandscapeRight";
				INFOPLIST_KEY_UISupportedInterfaceOrientations_iPhone = "UIInterfaceOrientationPortrait UIInterfaceOrientationLandscapeLeft UIInterfaceOrientationLandscapeRight";
				LD_RUNPATH_SEARCH_PATHS = (
					"$(inherited)",
					"@executable_path/Frameworks",
				);
				MARKETING_VERSION = 1.0;
				PRODUCT_BUNDLE_IDENTIFIER = "com.pishon.mymusicplayer-1.myMusicPlayer";
				PRODUCT_NAME = "$(TARGET_NAME)";
				SWIFT_EMIT_LOC_STRINGS = YES;
				SWIFT_VERSION = 5.0;
				TARGETED_DEVICE_FAMILY = "1,2";
			};
			name = Release;
		};
/* End XCBuildConfiguration section */

/* Begin XCConfigurationList section */
		88F24DA62A7EA77F00896B3B /* Build configuration list for PBXProject "myMusicPlayer" */ = {
			isa = XCConfigurationList;
			buildConfigurations = (
				88F24DBD2A7EA78000896B3B /* Debug */,
				88F24DBE2A7EA78000896B3B /* Release */,
			);
			defaultConfigurationIsVisible = 0;
			defaultConfigurationName = Release;
		};
		88F24DBF2A7EA78000896B3B /* Build configuration list for PBXNativeTarget "myMusicPlayer" */ = {
			isa = XCConfigurationList;
			buildConfigurations = (
				88F24DC02A7EA78000896B3B /* Debug */,
				88F24DC12A7EA78000896B3B /* Release */,
			);
			defaultConfigurationIsVisible = 0;
			defaultConfigurationName = Release;
		};
/* End XCConfigurationList section */
	};
	rootObject = 88F24DA32A7EA77F00896B3B /* Project object */;
}
